
Microsoft Visual Studio Solution File, Format Version 12.00
# Visual Studio 14
VisualStudioVersion = 14.0.24720.0
MinimumVisualStudioVersion = 10.0.40219.1
Project("{FAE04EC0-301F-11D3-BF4B-00C04F79EFBC}") = "Tenancy Management Information Systems", "Tenancy Management Information Systems.csproj", "{BB8144A3-816C-40A7-B0A9-319A014B2775}"
EndProject
Project("{FAE04EC0-301F-11D3-BF4B-00C04F79EFBC}") = "Echo.Data.Repository", "Echo.Data.Repository\Echo.Data.Repository.csproj", "{37E24E93-ECC5-4533-B849-C557674C8B27}"
EndProject
Project("{2150E333-8FDC-42A3-9474-1A3956D46DE8}") = "Database", "Database", "{1240C56E-8744-41E4-8A9C-ECC274F8B8B6}"
	ProjectSection(SolutionItems) = preProject
		Echo.sql = Echo.sql
		SQL Query with Sample Data.sql = SQL Query with Sample Data.sql
	EndProjectSection
EndProject
Global
	GlobalSection(SolutionConfigurationPlatforms) = preSolution
		Debug|Any CPU = Debug|Any CPU
		Release|Any CPU = Release|Any CPU
	EndGlobalSection
	GlobalSection(ProjectConfigurationPlatforms) = postSolution
		{BB8144A3-816C-40A7-B0A9-319A014B2775}.Debug|Any CPU.ActiveCfg = Debug|Any CPU
		{BB8144A3-816C-40A7-B0A9-319A014B2775}.Debug|Any CPU.Build.0 = Debug|Any CPU
		{BB8144A3-816C-40A7-B0A9-319A014B2775}.Release|Any CPU.ActiveCfg = Release|Any CPU
		{BB8144A3-816C-40A7-B0A9-319A014B2775}.Release|Any CPU.Build.0 = Release|Any CPU
		{37E24E93-ECC5-4533-B849-C557674C8B27}.Debug|Any CPU.ActiveCfg = Debug|Any CPU
		{37E24E93-ECC5-4533-B849-C557674C8B27}.Debug|Any CPU.Build.0 = Debug|Any CPU
		{37E24E93-ECC5-4533-B849-C557674C8B27}.Release|Any CPU.ActiveCfg = Release|Any CPU
		{37E24E93-ECC5-4533-B849-C557674C8B27}.Release|Any CPU.Build.0 = Release|Any CPU
	EndGlobalSection
	GlobalSection(SolutionProperties) = preSolution
		HideSolutionNode = FALSE
	EndGlobalSection
EndGlobal
